{
    "_meta": {
        "hash": {
            "sha256": "f8013fb2e9f213453ccb10a739571131c00116cf14594390d6c1b98d568796db"
        },
        "pipfile-spec": 6,
        "requires": {
            "python_version": "3.6"
        },
        "sources": [
            {
                "name": "pypi",
                "url": "https://pypi.org/simple",
                "verify_ssl": true
            }
        ]
    },
    "default": {
        "cx-freeze": {
            "hashes": [
                "sha256:076a75a23bea1566314e35d22491adc948352d7e9d5d9bfc4c4f5d11305cc6ff",
                "sha256:19ef088481c55cd90c8d1c0a1c771dcd0f9583cba81443de0f1f3fa18a4d84f0",
                "sha256:2cda34f73052c18489e97d563e67d08762cc0ba8114e0ecac08124f9c252c69f",
                "sha256:2eadddde670f5c5f6cf88638a0ac4e5d5fe181292a31063275fa56c7bf22426b",
                "sha256:8b1ed8f04bd761c0c8a8864485c50201e952e746925d7f1ab614dd69045a509b",
                "sha256:9aee968da6f4c765237d912b4690ea801b96909f00442298646736ca1e4a3fa3",
                "sha256:fb8c12f5814c1ce6383b86617ca6b2b83a169f9251f4e308e4f8d94b0c703f59"
            ],
            "index": "pypi",
            "version": "==5.1.1"
        },
        "pyqt5": {
            "hashes": [
                "sha256:0e1b099e036ea5e851fb4475b714b2229947dc848022c77420e47f55b642b299",
                "sha256:ac1eb5a114b6e7788e8be378be41c5e54b17d5158994504e85e43b5fca006a39",
                "sha256:d2309296a5a79d0a1c0e6c387c30f0398b65523a6dcc8a19cc172e46b949e00d",
                "sha256:e85936bae1581bcb908847d2038e5b34237a5e6acc03130099a78930770e7ead"
            ],
            "index": "pypi",
            "version": "==5.11.3"
        },
        "pyqt5-sip": {
            "hashes": [
                "sha256:125f77c087572c9272219cda030a63c2f996b8507592b2a54d7ef9b75f9f054d",
                "sha256:14c37b06e3fb7c2234cb208fa461ec4e62b4ba6d8b32ca3753c0b2cfd61b00e3",
                "sha256:1cb2cf52979f9085fc0eab7e0b2438eb4430d4aea8edec89762527e17317175b",
                "sha256:4babef08bccbf223ec34464e1ed0a23caeaeea390ca9a3529227d9a57f0d6ee4",
                "sha256:53cb9c1208511cda0b9ed11cffee992a5a2f5d96eb88722569b2ce65ecf6b960",
                "sha256:549449d9461d6c665cbe8af4a3808805c5e6e037cd2ce4fd93308d44a049bfac",
                "sha256:5f5b3089b200ff33de3f636b398e7199b57a6b5c1bb724bdb884580a072a14b5",
                "sha256:a4d9bf6e1fa2dd6e73f1873f1a47cee11a6ba0cf9ba8cf7002b28c76823600d0",
                "sha256:a4ee6026216f1fbe25c8847f9e0fbce907df5b908f84816e21af16ec7666e6fe",
                "sha256:a91a308a5e0cc99de1e97afd8f09f46dd7ca20cfaa5890ef254113eebaa1adff",
                "sha256:b0342540da479d2713edc68fb21f307473f68da896ad5c04215dae97630e0069",
                "sha256:f997e21b4e26a3397cb7b255b8d1db5b9772c8e0c94b6d870a5a0ab5c27eacaa"
            ],
            "version": "==4.19.13"
        },
        "python-rtmidi": {
            "hashes": [
                "sha256:0693c98d12bd568f359f8e25816f06bda1e921595d41f13e6af549e68871be0b",
                "sha256:1a126193398d88715c1c5b9b2e715399d7b59435c4d21c1541babfd467eb2fa3",
                "sha256:558f2d05a8aace53c970bb5bad7f0599eaf178dd1d65db0a3d6e19949623ca31",
                "sha256:67e149aaf9392d1d3bf9ad9bd7fb2b0a966a215c3f7560d7dcf8c61c8425dc61",
                "sha256:68c3f5f880f0c62c85f7b627539020bd512939e18a234a40c7bba3fc67dd7230",
                "sha256:776e0ed1c0c66d3794b380f1e6af8aae9288e6d6ab6b2ef32b88a8f02320c445",
                "sha256:7ea0ec498299d9663e9003476e3ad9caecae6acbd5db1453cce967cd18309d0d",
                "sha256:82e6fde0d37a25726163245120eebd8873e959ec608c855cb32193c061f192f5",
                "sha256:c09dd7a5b24619bc09a89eac2f3c1435cccad75c10eec4b88bfd4be6c09b0e00",
                "sha256:cf6b8a742989feda2009260ec6e019d960fe8f9c22831189c8f2d9795faa009e",
                "sha256:e5788048b0c73b8b4f76c851aa56c75a649e211906d1a42e9d59ed144388452e",
                "sha256:eab13d4d7950646234a4a4526c8b655b136e7722dee8e4f1db9fc4e05dd5a477"
            ],
            "index": "pypi",
            "version": "==1.1.2"
        }
    },
    "develop": {}
}
